
Microsoft Visual Studio Solution File, Format Version 12.00
# Visual Studio Version 17
VisualStudioVersion = 17.5.2.0
MinimumVisualStudioVersion = 10.0.40219.1
Project("{2150E333-8FDC-42A3-9474-1A3956D46DE8}") = "Aula03", "Aula03", "{CD11FE63-B85B-A9FD-0F2A-AAFC0336C56A}"
EndProject
Project("{2150E333-8FDC-42A3-9474-1A3956D46DE8}") = "Aula05", "Aula05", "{8E79E8E2-0076-BB2C-8AFC-2DF921FBEA30}"
EndProject
Project("{2150E333-8FDC-42A3-9474-1A3956D46DE8}") = "Aula06", "Aula06", "{C0791738-8473-80FC-0B7A-D82F0DEA9F25}"
EndProject
Project("{2150E333-8FDC-42A3-9474-1A3956D46DE8}") = "CSharpPaP", "CSharpPaP", "{342B7E8A-28FB-915E-735F-DF70B0B57318}"
EndProject
Project("{FAE04EC0-301F-11D3-BF4B-00C04F79EFBC}") = "IncioCSharp", "Aula03\CSharpPaP\IncioCSharp.csproj", "{F4E2CBC8-0E86-843A-6DC3-56AB3F5C4F52}"
EndProject
Project("{2150E333-8FDC-42A3-9474-1A3956D46DE8}") = "Exercícios", "Exercícios", "{17B96252-9D2C-8D9A-0F32-4189FA236E99}"
EndProject
Project("{FAE04EC0-301F-11D3-BF4B-00C04F79EFBC}") = "Aula03", "Aula03\Exercícios\Aula03.csproj", "{2A3A673A-B264-C098-EFD6-667A1E5A49E3}"
EndProject
Project("{2150E333-8FDC-42A3-9474-1A3956D46DE8}") = "CondicionaisPaP", "CondicionaisPaP", "{B538B108-AF91-BCAA-DF21-87AFCA8293EA}"
EndProject
Project("{FAE04EC0-301F-11D3-BF4B-00C04F79EFBC}") = "Condicionais", "Aula05\CondicionaisPaP\Condicionais.csproj", "{5A6EAC3B-0574-9148-B267-05C63C8B458E}"
EndProject
Project("{FAE04EC0-301F-11D3-BF4B-00C04F79EFBC}") = "Exercicios", "Aula05\Exercicios\Exercicios.csproj", "{9EEE1BE0-71D9-06E5-BCBA-EF19C241D42B}"
EndProject
Project("{FAE04EC0-301F-11D3-BF4B-00C04F79EFBC}") = "Exercícios", "Aula06\Exercícios\Exercícios.csproj", "{B089394F-C986-B5C8-681D-A26BA98B5403}"
EndProject
Project("{2150E333-8FDC-42A3-9474-1A3956D46DE8}") = "RepetiçãoPaP", "RepetiçãoPaP", "{63D1EA48-6C9B-C8F7-A74D-210B21798720}"
EndProject
Project("{FAE04EC0-301F-11D3-BF4B-00C04F79EFBC}") = "Aula06", "Aula06\RepetiçãoPaP\Aula06.csproj", "{DA2C32E6-D58E-51B0-4431-10F96B93E648}"
EndProject
Global
	GlobalSection(SolutionConfigurationPlatforms) = preSolution
		Debug|Any CPU = Debug|Any CPU
		Release|Any CPU = Release|Any CPU
	EndGlobalSection
	GlobalSection(ProjectConfigurationPlatforms) = postSolution
		{F4E2CBC8-0E86-843A-6DC3-56AB3F5C4F52}.Debug|Any CPU.ActiveCfg = Debug|Any CPU
		{F4E2CBC8-0E86-843A-6DC3-56AB3F5C4F52}.Debug|Any CPU.Build.0 = Debug|Any CPU
		{F4E2CBC8-0E86-843A-6DC3-56AB3F5C4F52}.Release|Any CPU.ActiveCfg = Release|Any CPU
		{F4E2CBC8-0E86-843A-6DC3-56AB3F5C4F52}.Release|Any CPU.Build.0 = Release|Any CPU
		{2A3A673A-B264-C098-EFD6-667A1E5A49E3}.Debug|Any CPU.ActiveCfg = Debug|Any CPU
		{2A3A673A-B264-C098-EFD6-667A1E5A49E3}.Debug|Any CPU.Build.0 = Debug|Any CPU
		{2A3A673A-B264-C098-EFD6-667A1E5A49E3}.Release|Any CPU.ActiveCfg = Release|Any CPU
		{2A3A673A-B264-C098-EFD6-667A1E5A49E3}.Release|Any CPU.Build.0 = Release|Any CPU
		{5A6EAC3B-0574-9148-B267-05C63C8B458E}.Debug|Any CPU.ActiveCfg = Debug|Any CPU
		{5A6EAC3B-0574-9148-B267-05C63C8B458E}.Debug|Any CPU.Build.0 = Debug|Any CPU
		{5A6EAC3B-0574-9148-B267-05C63C8B458E}.Release|Any CPU.ActiveCfg = Release|Any CPU
		{5A6EAC3B-0574-9148-B267-05C63C8B458E}.Release|Any CPU.Build.0 = Release|Any CPU
		{9EEE1BE0-71D9-06E5-BCBA-EF19C241D42B}.Debug|Any CPU.ActiveCfg = Debug|Any CPU
		{9EEE1BE0-71D9-06E5-BCBA-EF19C241D42B}.Debug|Any CPU.Build.0 = Debug|Any CPU
		{9EEE1BE0-71D9-06E5-BCBA-EF19C241D42B}.Release|Any CPU.ActiveCfg = Release|Any CPU
		{9EEE1BE0-71D9-06E5-BCBA-EF19C241D42B}.Release|Any CPU.Build.0 = Release|Any CPU
		{B089394F-C986-B5C8-681D-A26BA98B5403}.Debug|Any CPU.ActiveCfg = Debug|Any CPU
		{B089394F-C986-B5C8-681D-A26BA98B5403}.Debug|Any CPU.Build.0 = Debug|Any CPU
		{B089394F-C986-B5C8-681D-A26BA98B5403}.Release|Any CPU.ActiveCfg = Release|Any CPU
		{B089394F-C986-B5C8-681D-A26BA98B5403}.Release|Any CPU.Build.0 = Release|Any CPU
		{DA2C32E6-D58E-51B0-4431-10F96B93E648}.Debug|Any CPU.ActiveCfg = Debug|Any CPU
		{DA2C32E6-D58E-51B0-4431-10F96B93E648}.Debug|Any CPU.Build.0 = Debug|Any CPU
		{DA2C32E6-D58E-51B0-4431-10F96B93E648}.Release|Any CPU.ActiveCfg = Release|Any CPU
		{DA2C32E6-D58E-51B0-4431-10F96B93E648}.Release|Any CPU.Build.0 = Release|Any CPU
	EndGlobalSection
	GlobalSection(SolutionProperties) = preSolution
		HideSolutionNode = FALSE
	EndGlobalSection
	GlobalSection(NestedProjects) = preSolution
		{342B7E8A-28FB-915E-735F-DF70B0B57318} = {CD11FE63-B85B-A9FD-0F2A-AAFC0336C56A}
		{F4E2CBC8-0E86-843A-6DC3-56AB3F5C4F52} = {342B7E8A-28FB-915E-735F-DF70B0B57318}
		{17B96252-9D2C-8D9A-0F32-4189FA236E99} = {CD11FE63-B85B-A9FD-0F2A-AAFC0336C56A}
		{2A3A673A-B264-C098-EFD6-667A1E5A49E3} = {17B96252-9D2C-8D9A-0F32-4189FA236E99}
		{B538B108-AF91-BCAA-DF21-87AFCA8293EA} = {8E79E8E2-0076-BB2C-8AFC-2DF921FBEA30}
		{5A6EAC3B-0574-9148-B267-05C63C8B458E} = {B538B108-AF91-BCAA-DF21-87AFCA8293EA}
		{9EEE1BE0-71D9-06E5-BCBA-EF19C241D42B} = {8E79E8E2-0076-BB2C-8AFC-2DF921FBEA30}
		{B089394F-C986-B5C8-681D-A26BA98B5403} = {C0791738-8473-80FC-0B7A-D82F0DEA9F25}
		{63D1EA48-6C9B-C8F7-A74D-210B21798720} = {C0791738-8473-80FC-0B7A-D82F0DEA9F25}
		{DA2C32E6-D58E-51B0-4431-10F96B93E648} = {63D1EA48-6C9B-C8F7-A74D-210B21798720}
	EndGlobalSection
	GlobalSection(ExtensibilityGlobals) = postSolution
		SolutionGuid = {22249FB6-BA18-47DE-A868-636BBE278F74}
	EndGlobalSection
EndGlobal

